
Microsoft Visual Studio Solution File, Format Version 11.00
# Visual Studio 2010
Project("{FAE04EC0-301F-11D3-BF4B-00C04F79EFBC}") = "DjungleAdventure", "Assembly-CSharp-firstpass.csproj", "{C21BBED7-597A-A454-9A58-726D421961DA}"
EndProject
Project("{FAE04EC0-301F-11D3-BF4B-00C04F79EFBC}") = "DjungleAdventure", "Assembly-CSharp.csproj", "{BD57EE9B-1D5C-A156-D8B1-4957536D0ACD}"
EndProject
Project("{FAE04EC0-301F-11D3-BF4B-00C04F79EFBC}") = "DjungleAdventure", "Assembly-CSharp-Editor-firstpass.csproj", "{11D11032-C58A-ED24-1709-3CA25CF98E5F}"
EndProject
Global
	GlobalSection(SolutionConfigurationPlatforms) = preSolution
		Debug|Any CPU = Debug|Any CPU
		Release|Any CPU = Release|Any CPU
	EndGlobalSection
	GlobalSection(ProjectConfigurationPlatforms) = postSolution
		{C21BBED7-597A-A454-9A58-726D421961DA}.Debug|Any CPU.ActiveCfg = Debug|Any CPU
		{C21BBED7-597A-A454-9A58-726D421961DA}.Debug|Any CPU.Build.0 = Debug|Any CPU
		{C21BBED7-597A-A454-9A58-726D421961DA}.Release|Any CPU.ActiveCfg = Release|Any CPU
		{C21BBED7-597A-A454-9A58-726D421961DA}.Release|Any CPU.Build.0 = Release|Any CPU
		{BD57EE9B-1D5C-A156-D8B1-4957536D0ACD}.Debug|Any CPU.ActiveCfg = Debug|Any CPU
		{BD57EE9B-1D5C-A156-D8B1-4957536D0ACD}.Debug|Any CPU.Build.0 = Debug|Any CPU
		{BD57EE9B-1D5C-A156-D8B1-4957536D0ACD}.Release|Any CPU.ActiveCfg = Release|Any CPU
		{BD57EE9B-1D5C-A156-D8B1-4957536D0ACD}.Release|Any CPU.Build.0 = Release|Any CPU
		{11D11032-C58A-ED24-1709-3CA25CF98E5F}.Debug|Any CPU.ActiveCfg = Debug|Any CPU
		{11D11032-C58A-ED24-1709-3CA25CF98E5F}.Debug|Any CPU.Build.0 = Debug|Any CPU
		{11D11032-C58A-ED24-1709-3CA25CF98E5F}.Release|Any CPU.ActiveCfg = Release|Any CPU
		{11D11032-C58A-ED24-1709-3CA25CF98E5F}.Release|Any CPU.Build.0 = Release|Any CPU
	EndGlobalSection
	GlobalSection(SolutionProperties) = preSolution
		HideSolutionNode = FALSE
	EndGlobalSection
	GlobalSection(MonoDevelopProperties) = preSolution
		StartupItem = Assembly-CSharp.csproj
	EndGlobalSection
EndGlobal
